{
  "pins" : [
    {
      "identity" : "ffmpeg-ios",
      "kind" : "remoteSourceControl",
      "location" : "https://github.com/yuriisamoienko/FFmpeg-iOS.git",
      "state" : {
        "branch" : "main",
        "revision" : "37b5e8e82813bf1a7ced9effe30007f743dc8b74"
      }
    },
    {
      "identity" : "python-ios",
      "kind" : "remoteSourceControl",
      "location" : "https://github.com/yuriisamoienko/Python-iOS.git",
      "state" : {
        "branch" : "kivy-ios",
        "revision" : "24bdb9ac7d862ad363f30b0d4e6e4d2b7ee6debe"
      }
    },
    {
      "identity" : "pythonkit",
      "kind" : "remoteSourceControl",
      "location" : "https://github.com/pvieito/PythonKit.git",
      "state" : {
        "branch" : "master",
        "revision" : "81f621d094a7c8923207efe5178f50dba1b56c39"
      }
    },
    {
      "identity" : "swift-argument-parser",
      "kind" : "remoteSourceControl",
      "location" : "https://github.com/apple/swift-argument-parser",
      "state" : {
        "revision" : "15351c1cd009eba0b6e438bfef55ea9847a8dc4a",
        "version" : "0.3.0"
      }
    }
  ],
  "version" : 2
}
