{
  "pins" : [
    {
      "identity" : "ffmpeg-ios",
      "kind" : "remoteSourceControl",
      "location" : "https://github.com/yuriisamoienko/FFmpeg-iOS.git",
      "state" : {
        "branch" : "main",
        "revision" : "db3758d7f8236bc157b3efabfcac34ce1460d539"
      }
    },
    {
      "identity" : "python-ios",
      "kind" : "remoteSourceControl",
      "location" : "https://github.com/yuriisamoienko/Python-iOS.git",
      "state" : {
        "branch" : "kivy-ios",
        "revision" : "cfb37de6ee534d1217c751b94fe828c396ff2e80"
      }
    },
    {
      "identity" : "pythonkit",
      "kind" : "remoteSourceControl",
      "location" : "https://github.com/pvieito/PythonKit.git",
      "state" : {
        "branch" : "master",
        "revision" : "81f621d094a7c8923207efe5178f50dba1b56c39"
      }
    },
    {
      "identity" : "swift-argument-parser",
      "kind" : "remoteSourceControl",
      "location" : "https://github.com/apple/swift-argument-parser",
      "state" : {
        "revision" : "6b2aa2748a7881eebb9f84fb10c01293e15b52ca",
        "version" : "0.5.0"
      }
    }
  ],
  "version" : 2
}
